{
  "R": {
    "Version": "4.3.1",
    "Repositories": [
      {
        "Name": "CRAN",
        "URL": "https://packagemanager.posit.co/cran/latest"
      }
    ]
  },
  "Packages": {
    "asbio": {
      "Package": "asbio",
      "Version": "1.9-2",
      "Source": "Repository",
      "Repository": "RSPM",
      "Requirements": [
        "R",
        "deSolve",
        "gWidgets2",
        "gWidgets2tcltk",
        "grDevices",
        "graphics",
        "lattice",
        "multcompView",
        "mvtnorm",
        "pixmap",
        "plotrix",
        "scatterplot3d",
        "stats",
        "tcltk",
        "utils"
      ],
      "Hash": "b99bbfdc41d99bea087096176a0dea86"
    },
    "cachem": {
      "Package": "cachem",
      "Version": "1.0.8",
      "Source": "Repository",
      "Repository": "RSPM",
      "Requirements": [
        "fastmap",
        "rlang"
      ],
      "Hash": "c35768291560ce302c0a6589f92e837d"
    },
    "deSolve": {
      "Package": "deSolve",
      "Version": "1.36",
      "Source": "Repository",
      "Repository": "RSPM",
      "Requirements": [
        "R",
        "grDevices",
        "graphics",
        "methods",
        "stats"
      ],
      "Hash": "43f32f3a2406397aab76f9b0bcb153db"
    },
    "digest": {
      "Package": "digest",
      "Version": "0.6.33",
      "Source": "Repository",
      "Repository": "RSPM",
      "Requirements": [
        "R",
        "utils"
      ],
      "Hash": "b18a9cf3c003977b0cc49d5e76ebe48d"
    },
    "fastmap": {
      "Package": "fastmap",
      "Version": "1.1.1",
      "Source": "Repository",
      "Repository": "RSPM",
      "Hash": "f7736a18de97dea803bde0a2daaafb27"
    },
    "gWidgets2": {
      "Package": "gWidgets2",
      "Version": "1.0-9",
      "Source": "Repository",
      "Repository": "RSPM",
      "Requirements": [
        "digest",
        "methods"
      ],
      "Hash": "666378412a7967e86193726c8484bc35"
    },
    "gWidgets2tcltk": {
      "Package": "gWidgets2tcltk",
      "Version": "1.0-8",
      "Source": "Repository",
      "Repository": "RSPM",
      "Requirements": [
        "R",
        "digest",
        "gWidgets2",
        "memoise",
        "methods",
        "tcltk"
      ],
      "Hash": "d073b659a4247cf265a7810a5c458d6b"
    },
    "lattice": {
      "Package": "lattice",
      "Version": "0.21-8",
      "Source": "Repository",
      "Repository": "CRAN",
      "Requirements": [
        "R",
        "grDevices",
        "graphics",
        "grid",
        "stats",
        "utils"
      ],
      "Hash": "0b8a6d63c8770f02a8b5635f3c431e6b"
    },
    "memoise": {
      "Package": "memoise",
      "Version": "2.0.1",
      "Source": "Repository",
      "Repository": "RSPM",
      "Requirements": [
        "cachem",
        "rlang"
      ],
      "Hash": "e2817ccf4a065c5d9d7f2cfbe7c1d78c"
    },
    "multcompView": {
      "Package": "multcompView",
      "Version": "0.1-9",
      "Source": "Repository",
      "Repository": "RSPM",
      "Requirements": [
        "grid"
      ],
      "Hash": "a453bb54107d6ff5fb4280729e15a023"
    },
    "mvtnorm": {
      "Package": "mvtnorm",
      "Version": "1.2-2",
      "Source": "Repository",
      "Repository": "RSPM",
      "Requirements": [
        "R",
        "stats"
      ],
      "Hash": "ef6270cb713747aa8211620d6a47188d"
    },
    "nortest": {
      "Package": "nortest",
      "Version": "1.0-4",
      "Source": "Repository",
      "Repository": "RSPM",
      "Requirements": [
        "stats"
      ],
      "Hash": "e587e7a30c737ad415590976481332e4"
    },
    "outliers": {
      "Package": "outliers",
      "Version": "0.15",
      "Source": "Repository",
      "Repository": "RSPM",
      "Requirements": [
        "R"
      ],
      "Hash": "2a7c7080df9a8a71d979a83dafdd28df"
    },
    "pixmap": {
      "Package": "pixmap",
      "Version": "0.4-12",
      "Source": "Repository",
      "Repository": "RSPM",
      "Requirements": [
        "grDevices",
        "graphics",
        "methods"
      ],
      "Hash": "ff0e0b97265ced0db4d13d0005334d78"
    },
    "plotrix": {
      "Package": "plotrix",
      "Version": "3.8-2",
      "Source": "Repository",
      "Repository": "RSPM",
      "Requirements": [
        "R",
        "grDevices",
        "graphics",
        "stats",
        "utils"
      ],
      "Hash": "2ebe8c2ec200da649738b0fc35a9b1a1"
    },
    "renv": {
      "Package": "renv",
      "Version": "1.0.0",
      "Source": "Repository",
      "Repository": "CRAN",
      "Requirements": [
        "utils"
      ],
      "Hash": "c321cd99d56443dbffd1c9e673c0c1a2"
    },
    "rlang": {
      "Package": "rlang",
      "Version": "1.1.1",
      "Source": "Repository",
      "Repository": "RSPM",
      "Requirements": [
        "R",
        "utils"
      ],
      "Hash": "a85c767b55f0bf9b7ad16c6d7baee5bb"
    },
    "scatterplot3d": {
      "Package": "scatterplot3d",
      "Version": "0.3-44",
      "Source": "Repository",
      "Repository": "RSPM",
      "Requirements": [
        "R",
        "grDevices",
        "graphics",
        "stats"
      ],
      "Hash": "10ee4b91ec812690bd55d9bf51edccee"
    }
  }
}
